// !$*UTF8*$!
{
	archiveVersion = 1;
	classes = {
	};
	objectVersion = 56;
	objects = {

/* Begin PBXBuildFile section */
		D288CE2A2B02ED7F00FE56E8 /* PlayViewController.swift in Sources */ = {isa = PBXBuildFile; fileRef = D288CE292B02ED7F00FE56E8 /* PlayViewController.swift */; };
		D295CD952AFF2A2E0002AEDF /* AppDelegate.swift in Sources */ = {isa = PBXBuildFile; fileRef = D295CD942AFF2A2E0002AEDF /* AppDelegate.swift */; };
		D295CD972AFF2A2E0002AEDF /* SceneDelegate.swift in Sources */ = {isa = PBXBuildFile; fileRef = D295CD962AFF2A2E0002AEDF /* SceneDelegate.swift */; };
		D295CD9C2AFF2A2E0002AEDF /* Main.storyboard in Resources */ = {isa = PBXBuildFile; fileRef = D295CD9A2AFF2A2E0002AEDF /* Main.storyboard */; };
		D295CD9E2AFF2A300002AEDF /* Assets.xcassets in Resources */ = {isa = PBXBuildFile; fileRef = D295CD9D2AFF2A300002AEDF /* Assets.xcassets */; };
		D295CDA12AFF2A300002AEDF /* LaunchScreen.storyboard in Resources */ = {isa = PBXBuildFile; fileRef = D295CD9F2AFF2A300002AEDF /* LaunchScreen.storyboard */; };
		D2B78F742B06A9E400CC5E30 /* ParagraphGenerator.swift in Sources */ = {isa = PBXBuildFile; fileRef = D2B78F732B06A9E400CC5E30 /* ParagraphGenerator.swift */; };
		D2B78F762B06B96C00CC5E30 /* LetterCell.swift in Sources */ = {isa = PBXBuildFile; fileRef = D2B78F752B06B96C00CC5E30 /* LetterCell.swift */; };
		D2B78F7A2B0861D700CC5E30 /* keyboard_sound.mp3 in Resources */ = {isa = PBXBuildFile; fileRef = D2B78F792B0861D700CC5E30 /* keyboard_sound.mp3 */; };
		D2B78F7C2B089A0F00CC5E30 /* GameOverViewController.swift in Sources */ = {isa = PBXBuildFile; fileRef = D2B78F7B2B089A0F00CC5E30 /* GameOverViewController.swift */; };
		D2D482CE2B04711E000DDAB7 /* GameDetailViewController.swift in Sources */ = {isa = PBXBuildFile; fileRef = D2D482CD2B04711E000DDAB7 /* GameDetailViewController.swift */; };
		D2D482D02B048875000DDAB7 /* GameplayViewController.swift in Sources */ = {isa = PBXBuildFile; fileRef = D2D482CF2B048875000DDAB7 /* GameplayViewController.swift */; };
		D2D482D22B048F14000DDAB7 /* KeyboardController.swift in Sources */ = {isa = PBXBuildFile; fileRef = D2D482D12B048F14000DDAB7 /* KeyboardController.swift */; };
		D2D482D42B048F90000DDAB7 /* WordsController.swift in Sources */ = {isa = PBXBuildFile; fileRef = D2D482D32B048F90000DDAB7 /* WordsController.swift */; };
		D2D482D62B04905E000DDAB7 /* Constants.swift in Sources */ = {isa = PBXBuildFile; fileRef = D2D482D52B04905E000DDAB7 /* Constants.swift */; };
		D2D482D82B049378000DDAB7 /* KeyboardCell.swift in Sources */ = {isa = PBXBuildFile; fileRef = D2D482D72B049378000DDAB7 /* KeyboardCell.swift */; };
/* End PBXBuildFile section */

/* Begin PBXFileReference section */
		D288CE292B02ED7F00FE56E8 /* PlayViewController.swift */ = {isa = PBXFileReference; lastKnownFileType = sourcecode.swift; path = PlayViewController.swift; sourceTree = "<group>"; };
		D295CD912AFF2A2E0002AEDF /* Tappy-Keys.app */ = {isa = PBXFileReference; explicitFileType = wrapper.application; includeInIndex = 0; path = "Tappy-Keys.app"; sourceTree = BUILT_PRODUCTS_DIR; };
		D295CD942AFF2A2E0002AEDF /* AppDelegate.swift */ = {isa = PBXFileReference; lastKnownFileType = sourcecode.swift; path = AppDelegate.swift; sourceTree = "<group>"; };
		D295CD962AFF2A2E0002AEDF /* SceneDelegate.swift */ = {isa = PBXFileReference; lastKnownFileType = sourcecode.swift; path = SceneDelegate.swift; sourceTree = "<group>"; };
		D295CD9B2AFF2A2E0002AEDF /* Base */ = {isa = PBXFileReference; lastKnownFileType = file.storyboard; name = Base; path = Base.lproj/Main.storyboard; sourceTree = "<group>"; };
		D295CD9D2AFF2A300002AEDF /* Assets.xcassets */ = {isa = PBXFileReference; lastKnownFileType = folder.assetcatalog; path = Assets.xcassets; sourceTree = "<group>"; };
		D295CDA02AFF2A300002AEDF /* Base */ = {isa = PBXFileReference; lastKnownFileType = file.storyboard; name = Base; path = Base.lproj/LaunchScreen.storyboard; sourceTree = "<group>"; };
		D295CDA22AFF2A300002AEDF /* Info.plist */ = {isa = PBXFileReference; lastKnownFileType = text.plist.xml; path = Info.plist; sourceTree = "<group>"; };
		D2B78F732B06A9E400CC5E30 /* ParagraphGenerator.swift */ = {isa = PBXFileReference; lastKnownFileType = sourcecode.swift; path = ParagraphGenerator.swift; sourceTree = "<group>"; };
		D2B78F752B06B96C00CC5E30 /* LetterCell.swift */ = {isa = PBXFileReference; lastKnownFileType = sourcecode.swift; path = LetterCell.swift; sourceTree = "<group>"; };
		D2B78F792B0861D700CC5E30 /* keyboard_sound.mp3 */ = {isa = PBXFileReference; lastKnownFileType = audio.mp3; path = keyboard_sound.mp3; sourceTree = "<group>"; };
		D2B78F7B2B089A0F00CC5E30 /* GameOverViewController.swift */ = {isa = PBXFileReference; lastKnownFileType = sourcecode.swift; path = GameOverViewController.swift; sourceTree = "<group>"; };
		D2D482CD2B04711E000DDAB7 /* GameDetailViewController.swift */ = {isa = PBXFileReference; lastKnownFileType = sourcecode.swift; path = GameDetailViewController.swift; sourceTree = "<group>"; };
		D2D482CF2B048875000DDAB7 /* GameplayViewController.swift */ = {isa = PBXFileReference; lastKnownFileType = sourcecode.swift; path = GameplayViewController.swift; sourceTree = "<group>"; };
		D2D482D12B048F14000DDAB7 /* KeyboardController.swift */ = {isa = PBXFileReference; lastKnownFileType = sourcecode.swift; path = KeyboardController.swift; sourceTree = "<group>"; };
		D2D482D32B048F90000DDAB7 /* WordsController.swift */ = {isa = PBXFileReference; lastKnownFileType = sourcecode.swift; path = WordsController.swift; sourceTree = "<group>"; };
		D2D482D52B04905E000DDAB7 /* Constants.swift */ = {isa = PBXFileReference; lastKnownFileType = sourcecode.swift; path = Constants.swift; sourceTree = "<group>"; };
		D2D482D72B049378000DDAB7 /* KeyboardCell.swift */ = {isa = PBXFileReference; lastKnownFileType = sourcecode.swift; path = KeyboardCell.swift; sourceTree = "<group>"; };
/* End PBXFileReference section */

/* Begin PBXFrameworksBuildPhase section */
		D295CD8E2AFF2A2E0002AEDF /* Frameworks */ = {
			isa = PBXFrameworksBuildPhase;
			buildActionMask = 2147483647;
			files = (
			);
			runOnlyForDeploymentPostprocessing = 0;
		};
/* End PBXFrameworksBuildPhase section */

/* Begin PBXGroup section */
		D295CD882AFF2A2E0002AEDF = {
			isa = PBXGroup;
			children = (
				D295CD932AFF2A2E0002AEDF /* Tappy-Keys */,
				D295CD922AFF2A2E0002AEDF /* Products */,
			);
			sourceTree = "<group>";
		};
		D295CD922AFF2A2E0002AEDF /* Products */ = {
			isa = PBXGroup;
			children = (
				D295CD912AFF2A2E0002AEDF /* Tappy-Keys.app */,
			);
			name = Products;
			sourceTree = "<group>";
		};
		D295CD932AFF2A2E0002AEDF /* Tappy-Keys */ = {
			isa = PBXGroup;
			children = (
				D2B78F792B0861D700CC5E30 /* keyboard_sound.mp3 */,
				D2D482D52B04905E000DDAB7 /* Constants.swift */,
				D295CD942AFF2A2E0002AEDF /* AppDelegate.swift */,
				D295CD962AFF2A2E0002AEDF /* SceneDelegate.swift */,
				D295CD9A2AFF2A2E0002AEDF /* Main.storyboard */,
				D2B78F7B2B089A0F00CC5E30 /* GameOverViewController.swift */,
				D2B78F752B06B96C00CC5E30 /* LetterCell.swift */,
				D2D482D32B048F90000DDAB7 /* WordsController.swift */,
				D2B78F732B06A9E400CC5E30 /* ParagraphGenerator.swift */,
				D2D482D72B049378000DDAB7 /* KeyboardCell.swift */,
				D2D482D12B048F14000DDAB7 /* KeyboardController.swift */,
				D2D482CF2B048875000DDAB7 /* GameplayViewController.swift */,
				D2D482CD2B04711E000DDAB7 /* GameDetailViewController.swift */,
				D288CE292B02ED7F00FE56E8 /* PlayViewController.swift */,
				D295CD9D2AFF2A300002AEDF /* Assets.xcassets */,
				D295CD9F2AFF2A300002AEDF /* LaunchScreen.storyboard */,
				D295CDA22AFF2A300002AEDF /* Info.plist */,
			);
			path = "Tappy-Keys";
			sourceTree = "<group>";
		};
/* End PBXGroup section */

/* Begin PBXNativeTarget section */
		D295CD902AFF2A2E0002AEDF /* Tappy-Keys */ = {
			isa = PBXNativeTarget;
			buildConfigurationList = D295CDA52AFF2A300002AEDF /* Build configuration list for PBXNativeTarget "Tappy-Keys" */;
			buildPhases = (
				D295CD8D2AFF2A2E0002AEDF /* Sources */,
				D295CD8E2AFF2A2E0002AEDF /* Frameworks */,
				D295CD8F2AFF2A2E0002AEDF /* Resources */,
			);
			buildRules = (
			);
			dependencies = (
			);
			name = "Tappy-Keys";
			productName = "Tappy-Keys";
			productReference = D295CD912AFF2A2E0002AEDF /* Tappy-Keys.app */;
			productType = "com.apple.product-type.application";
		};
/* End PBXNativeTarget section */

/* Begin PBXProject section */
		D295CD892AFF2A2E0002AEDF /* Project object */ = {
			isa = PBXProject;
			attributes = {
				BuildIndependentTargetsInParallel = 1;
				LastSwiftUpdateCheck = 1500;
				LastUpgradeCheck = 1500;
				TargetAttributes = {
					D295CD902AFF2A2E0002AEDF = {
						CreatedOnToolsVersion = 15.0.1;
					};
				};
			};
			buildConfigurationList = D295CD8C2AFF2A2E0002AEDF /* Build configuration list for PBXProject "Tappy-Keys" */;
			compatibilityVersion = "Xcode 14.0";
			developmentRegion = en;
			hasScannedForEncodings = 0;
			knownRegions = (
				en,
				Base,
			);
			mainGroup = D295CD882AFF2A2E0002AEDF;
			productRefGroup = D295CD922AFF2A2E0002AEDF /* Products */;
			projectDirPath = "";
			projectRoot = "";
			targets = (
				D295CD902AFF2A2E0002AEDF /* Tappy-Keys */,
			);
		};
/* End PBXProject section */

/* Begin PBXResourcesBuildPhase section */
		D295CD8F2AFF2A2E0002AEDF /* Resources */ = {
			isa = PBXResourcesBuildPhase;
			buildActionMask = 2147483647;
			files = (
				D295CDA12AFF2A300002AEDF /* LaunchScreen.storyboard in Resources */,
				D2B78F7A2B0861D700CC5E30 /* keyboard_sound.mp3 in Resources */,
				D295CD9E2AFF2A300002AEDF /* Assets.xcassets in Resources */,
				D295CD9C2AFF2A2E0002AEDF /* Main.storyboard in Resources */,
			);
			runOnlyForDeploymentPostprocessing = 0;
		};
/* End PBXResourcesBuildPhase section */

/* Begin PBXSourcesBuildPhase section */
		D295CD8D2AFF2A2E0002AEDF /* Sources */ = {
			isa = PBXSourcesBuildPhase;
			buildActionMask = 2147483647;
			files = (
				D288CE2A2B02ED7F00FE56E8 /* PlayViewController.swift in Sources */,
				D2D482CE2B04711E000DDAB7 /* GameDetailViewController.swift in Sources */,
				D2B78F742B06A9E400CC5E30 /* ParagraphGenerator.swift in Sources */,
				D2D482D82B049378000DDAB7 /* KeyboardCell.swift in Sources */,
				D2D482D02B048875000DDAB7 /* GameplayViewController.swift in Sources */,
				D2D482D42B048F90000DDAB7 /* WordsController.swift in Sources */,
				D2B78F762B06B96C00CC5E30 /* LetterCell.swift in Sources */,
				D295CD952AFF2A2E0002AEDF /* AppDelegate.swift in Sources */,
				D2B78F7C2B089A0F00CC5E30 /* GameOverViewController.swift in Sources */,
				D295CD972AFF2A2E0002AEDF /* SceneDelegate.swift in Sources */,
				D2D482D22B048F14000DDAB7 /* KeyboardController.swift in Sources */,
				D2D482D62B04905E000DDAB7 /* Constants.swift in Sources */,
			);
			runOnlyForDeploymentPostprocessing = 0;
		};
/* End PBXSourcesBuildPhase section */

/* Begin PBXVariantGroup section */
		D295CD9A2AFF2A2E0002AEDF /* Main.storyboard */ = {
			isa = PBXVariantGroup;
			children = (
				D295CD9B2AFF2A2E0002AEDF /* Base */,
			);
			name = Main.storyboard;
			sourceTree = "<group>";
		};
		D295CD9F2AFF2A300002AEDF /* LaunchScreen.storyboard */ = {
			isa = PBXVariantGroup;
			children = (
				D295CDA02AFF2A300002AEDF /* Base */,
			);
			name = LaunchScreen.storyboard;
			sourceTree = "<group>";
		};
/* End PBXVariantGroup section */

/* Begin XCBuildConfiguration section */
		D295CDA32AFF2A300002AEDF /* Debug */ = {
			isa = XCBuildConfiguration;
			buildSettings = {
				ALWAYS_SEARCH_USER_PATHS = NO;
				ASSETCATALOG_COMPILER_GENERATE_SWIFT_ASSET_SYMBOL_EXTENSIONS = YES;
				CLANG_ANALYZER_NONNULL = YES;
				CLANG_ANALYZER_NUMBER_OBJECT_CONVERSION = YES_AGGRESSIVE;
				CLANG_CXX_LANGUAGE_STANDARD = "gnu++20";
				CLANG_ENABLE_MODULES = YES;
				CLANG_ENABLE_OBJC_ARC = YES;
				CLANG_ENABLE_OBJC_WEAK = YES;
				CLANG_WARN_BLOCK_CAPTURE_AUTORELEASING = YES;
				CLANG_WARN_BOOL_CONVERSION = YES;
				CLANG_WARN_COMMA = YES;
				CLANG_WARN_CONSTANT_CONVERSION = YES;
				CLANG_WARN_DEPRECATED_OBJC_IMPLEMENTATIONS = YES;
				CLANG_WARN_DIRECT_OBJC_ISA_USAGE = YES_ERROR;
				CLANG_WARN_DOCUMENTATION_COMMENTS = YES;
				CLANG_WARN_EMPTY_BODY = YES;
				CLANG_WARN_ENUM_CONVERSION = YES;
				CLANG_WARN_INFINITE_RECURSION = YES;
				CLANG_WARN_INT_CONVERSION = YES;
				CLANG_WARN_NON_LITERAL_NULL_CONVERSION = YES;
				CLANG_WARN_OBJC_IMPLICIT_RETAIN_SELF = YES;
				CLANG_WARN_OBJC_LITERAL_CONVERSION = YES;
				CLANG_WARN_OBJC_ROOT_CLASS = YES_ERROR;
				CLANG_WARN_QUOTED_INCLUDE_IN_FRAMEWORK_HEADER = YES;
				CLANG_WARN_RANGE_LOOP_ANALYSIS = YES;
				CLANG_WARN_STRICT_PROTOTYPES = YES;
				CLANG_WARN_SUSPICIOUS_MOVE = YES;
				CLANG_WARN_UNGUARDED_AVAILABILITY = YES_AGGRESSIVE;
				CLANG_WARN_UNREACHABLE_CODE = YES;
				CLANG_WARN__DUPLICATE_METHOD_MATCH = YES;
				COPY_PHASE_STRIP = NO;
				DEBUG_INFORMATION_FORMAT = dwarf;
				ENABLE_STRICT_OBJC_MSGSEND = YES;
				ENABLE_TESTABILITY = YES;
				ENABLE_USER_SCRIPT_SANDBOXING = YES;
				GCC_C_LANGUAGE_STANDARD = gnu17;
				GCC_DYNAMIC_NO_PIC = NO;
				GCC_NO_COMMON_BLOCKS = YES;
				GCC_OPTIMIZATION_LEVEL = 0;
				GCC_PREPROCESSOR_DEFINITIONS = (
					"DEBUG=1",
					"$(inherited)",
				);
				GCC_WARN_64_TO_32_BIT_CONVERSION = YES;
				GCC_WARN_ABOUT_RETURN_TYPE = YES_ERROR;
				GCC_WARN_UNDECLARED_SELECTOR = YES;
				GCC_WARN_UNINITIALIZED_AUTOS = YES_AGGRESSIVE;
				GCC_WARN_UNUSED_FUNCTION = YES;
				GCC_WARN_UNUSED_VARIABLE = YES;
				IPHONEOS_DEPLOYMENT_TARGET = 17.0;
				LOCALIZATION_PREFERS_STRING_CATALOGS = YES;
				MTL_ENABLE_DEBUG_INFO = INCLUDE_SOURCE;
				MTL_FAST_MATH = YES;
				ONLY_ACTIVE_ARCH = YES;
				SDKROOT = iphoneos;
				SWIFT_ACTIVE_COMPILATION_CONDITIONS = "DEBUG $(inherited)";
				SWIFT_OPTIMIZATION_LEVEL = "-Onone";
			};
			name = Debug;
		};
		D295CDA42AFF2A300002AEDF /* Release */ = {
			isa = XCBuildConfiguration;
			buildSettings = {
				ALWAYS_SEARCH_USER_PATHS = NO;
				ASSETCATALOG_COMPILER_GENERATE_SWIFT_ASSET_SYMBOL_EXTENSIONS = YES;
				CLANG_ANALYZER_NONNULL = YES;
				CLANG_ANALYZER_NUMBER_OBJECT_CONVERSION = YES_AGGRESSIVE;
				CLANG_CXX_LANGUAGE_STANDARD = "gnu++20";
				CLANG_ENABLE_MODULES = YES;
				CLANG_ENABLE_OBJC_ARC = YES;
				CLANG_ENABLE_OBJC_WEAK = YES;
				CLANG_WARN_BLOCK_CAPTURE_AUTORELEASING = YES;
				CLANG_WARN_BOOL_CONVERSION = YES;
				CLANG_WARN_COMMA = YES;
				CLANG_WARN_CONSTANT_CONVERSION = YES;
				CLANG_WARN_DEPRECATED_OBJC_IMPLEMENTATIONS = YES;
				CLANG_WARN_DIRECT_OBJC_ISA_USAGE = YES_ERROR;
				CLANG_WARN_DOCUMENTATION_COMMENTS = YES;
				CLANG_WARN_EMPTY_BODY = YES;
				CLANG_WARN_ENUM_CONVERSION = YES;
				CLANG_WARN_INFINITE_RECURSION = YES;
				CLANG_WARN_INT_CONVERSION = YES;
				CLANG_WARN_NON_LITERAL_NULL_CONVERSION = YES;
				CLANG_WARN_OBJC_IMPLICIT_RETAIN_SELF = YES;
				CLANG_WARN_OBJC_LITERAL_CONVERSION = YES;
				CLANG_WARN_OBJC_ROOT_CLASS = YES_ERROR;
				CLANG_WARN_QUOTED_INCLUDE_IN_FRAMEWORK_HEADER = YES;
				CLANG_WARN_RANGE_LOOP_ANALYSIS = YES;
				CLANG_WARN_STRICT_PROTOTYPES = YES;
				CLANG_WARN_SUSPICIOUS_MOVE = YES;
				CLANG_WARN_UNGUARDED_AVAILABILITY = YES_AGGRESSIVE;
				CLANG_WARN_UNREACHABLE_CODE = YES;
				CLANG_WARN__DUPLICATE_METHOD_MATCH = YES;
				COPY_PHASE_STRIP = NO;
				DEBUG_INFORMATION_FORMAT = "dwarf-with-dsym";
				ENABLE_NS_ASSERTIONS = NO;
				ENABLE_STRICT_OBJC_MSGSEND = YES;
				ENABLE_USER_SCRIPT_SANDBOXING = YES;
				GCC_C_LANGUAGE_STANDARD = gnu17;
				GCC_NO_COMMON_BLOCKS = YES;
				GCC_WARN_64_TO_32_BIT_CONVERSION = YES;
				GCC_WARN_ABOUT_RETURN_TYPE = YES_ERROR;
				GCC_WARN_UNDECLARED_SELECTOR = YES;
				GCC_WARN_UNINITIALIZED_AUTOS = YES_AGGRESSIVE;
				GCC_WARN_UNUSED_FUNCTION = YES;
				GCC_WARN_UNUSED_VARIABLE = YES;
				IPHONEOS_DEPLOYMENT_TARGET = 17.0;
				LOCALIZATION_PREFERS_STRING_CATALOGS = YES;
				MTL_ENABLE_DEBUG_INFO = NO;
				MTL_FAST_MATH = YES;
				SDKROOT = iphoneos;
				SWIFT_COMPILATION_MODE = wholemodule;
				VALIDATE_PRODUCT = YES;
			};
			name = Release;
		};
		D295CDA62AFF2A300002AEDF /* Debug */ = {
			isa = XCBuildConfiguration;
			buildSettings = {
				ASSETCATALOG_COMPILER_APPICON_NAME = AppIcon;
				ASSETCATALOG_COMPILER_GLOBAL_ACCENT_COLOR_NAME = AccentColor;
				CODE_SIGN_STYLE = Automatic;
				CURRENT_PROJECT_VERSION = 1;
				DEVELOPMENT_TEAM = 6VCTZ5SGAL;
				GENERATE_INFOPLIST_FILE = YES;
				INFOPLIST_FILE = "Tappy-Keys/Info.plist";
				INFOPLIST_KEY_UIApplicationSupportsIndirectInputEvents = YES;
				INFOPLIST_KEY_UILaunchStoryboardName = LaunchScreen;
				INFOPLIST_KEY_UIMainStoryboardFile = Main;
				INFOPLIST_KEY_UISupportedInterfaceOrientations_iPad = "UIInterfaceOrientationPortrait UIInterfaceOrientationPortraitUpsideDown UIInterfaceOrientationLandscapeLeft UIInterfaceOrientationLandscapeRight";
				INFOPLIST_KEY_UISupportedInterfaceOrientations_iPhone = "UIInterfaceOrientationPortrait UIInterfaceOrientationLandscapeLeft UIInterfaceOrientationLandscapeRight";
				LD_RUNPATH_SEARCH_PATHS = (
					"$(inherited)",
					"@executable_path/Frameworks",
				);
				MARKETING_VERSION = 1.0;
				PRODUCT_BUNDLE_IDENTIFIER = "com.Tappy-Keys";
				PRODUCT_NAME = "$(TARGET_NAME)";
				SWIFT_EMIT_LOC_STRINGS = YES;
				SWIFT_VERSION = 5.0;
				TARGETED_DEVICE_FAMILY = "1,2";
			};
			name = Debug;
		};
		D295CDA72AFF2A300002AEDF /* Release */ = {
			isa = XCBuildConfiguration;
			buildSettings = {
				ASSETCATALOG_COMPILER_APPICON_NAME = AppIcon;
				ASSETCATALOG_COMPILER_GLOBAL_ACCENT_COLOR_NAME = AccentColor;
				CODE_SIGN_STYLE = Automatic;
				CURRENT_PROJECT_VERSION = 1;
				DEVELOPMENT_TEAM = 6VCTZ5SGAL;
				GENERATE_INFOPLIST_FILE = YES;
				INFOPLIST_FILE = "Tappy-Keys/Info.plist";
				INFOPLIST_KEY_UIApplicationSupportsIndirectInputEvents = YES;
				INFOPLIST_KEY_UILaunchStoryboardName = LaunchScreen;
				INFOPLIST_KEY_UIMainStoryboardFile = Main;
				INFOPLIST_KEY_UISupportedInterfaceOrientations_iPad = "UIInterfaceOrientationPortrait UIInterfaceOrientationPortraitUpsideDown UIInterfaceOrientationLandscapeLeft UIInterfaceOrientationLandscapeRight";
				INFOPLIST_KEY_UISupportedInterfaceOrientations_iPhone = "UIInterfaceOrientationPortrait UIInterfaceOrientationLandscapeLeft UIInterfaceOrientationLandscapeRight";
				LD_RUNPATH_SEARCH_PATHS = (
					"$(inherited)",
					"@executable_path/Frameworks",
				);
				MARKETING_VERSION = 1.0;
				PRODUCT_BUNDLE_IDENTIFIER = "com.Tappy-Keys";
				PRODUCT_NAME = "$(TARGET_NAME)";
				SWIFT_EMIT_LOC_STRINGS = YES;
				SWIFT_VERSION = 5.0;
				TARGETED_DEVICE_FAMILY = "1,2";
			};
			name = Release;
		};
/* End XCBuildConfiguration section */

/* Begin XCConfigurationList section */
		D295CD8C2AFF2A2E0002AEDF /* Build configuration list for PBXProject "Tappy-Keys" */ = {
			isa = XCConfigurationList;
			buildConfigurations = (
				D295CDA32AFF2A300002AEDF /* Debug */,
				D295CDA42AFF2A300002AEDF /* Release */,
			);
			defaultConfigurationIsVisible = 0;
			defaultConfigurationName = Release;
		};
		D295CDA52AFF2A300002AEDF /* Build configuration list for PBXNativeTarget "Tappy-Keys" */ = {
			isa = XCConfigurationList;
			buildConfigurations = (
				D295CDA62AFF2A300002AEDF /* Debug */,
				D295CDA72AFF2A300002AEDF /* Release */,
			);
			defaultConfigurationIsVisible = 0;
			defaultConfigurationName = Release;
		};
/* End XCConfigurationList section */
	};
	rootObject = D295CD892AFF2A2E0002AEDF /* Project object */;
}
